// !$*UTF8*$!
{
	archiveVersion = 1;
	classes = {
	};
	objectVersion = 50;
	objects = {

/* Begin PBXBuildFile section */
		6735AD3621EF858F00D0856A /* UIView+Camera.swift in Sources */ = {isa = PBXBuildFile; fileRef = 6735AD3521EF858F00D0856A /* UIView+Camera.swift */; };
		6735AD3A21EF86BA00D0856A /* StartView.swift in Sources */ = {isa = PBXBuildFile; fileRef = 6735AD3921EF86BA00D0856A /* StartView.swift */; };
		6735AD3E21EF880900D0856A /* ARCameraView.swift in Sources */ = {isa = PBXBuildFile; fileRef = 6735AD3D21EF880900D0856A /* ARCameraView.swift */; };
		6735AD4321EFA18A00D0856A /* MessageLabel.swift in Sources */ = {isa = PBXBuildFile; fileRef = 6735AD4221EFA18A00D0856A /* MessageLabel.swift */; };
		6735AD4521EFA1ED00D0856A /* MessageLabel.xib in Resources */ = {isa = PBXBuildFile; fileRef = 6735AD4421EFA1ED00D0856A /* MessageLabel.xib */; };
		675FB24121EF71A80034E438 /* AppDelegate.swift in Sources */ = {isa = PBXBuildFile; fileRef = 675FB24021EF71A80034E438 /* AppDelegate.swift */; };
		675FB24621EF71A80034E438 /* StartView.storyboard in Resources */ = {isa = PBXBuildFile; fileRef = 675FB24421EF71A80034E438 /* StartView.storyboard */; };
		675FB24B21EF71AA0034E438 /* Assets.xcassets in Resources */ = {isa = PBXBuildFile; fileRef = 675FB24A21EF71AA0034E438 /* Assets.xcassets */; };
		675FB24E21EF71AA0034E438 /* LaunchScreen.storyboard in Resources */ = {isa = PBXBuildFile; fileRef = 675FB24C21EF71AA0034E438 /* LaunchScreen.storyboard */; };
		675FB25921EF73AC0034E438 /* OpenSans-Regular.ttf in Resources */ = {isa = PBXBuildFile; fileRef = 675FB25821EF73AC0034E438 /* OpenSans-Regular.ttf */; };
		675FB25B21EF73B80034E438 /* OpenSans-Bold.ttf in Resources */ = {isa = PBXBuildFile; fileRef = 675FB25A21EF73B80034E438 /* OpenSans-Bold.ttf */; };
		675FB25D21EF752F0034E438 /* BottomCardView.swift in Sources */ = {isa = PBXBuildFile; fileRef = 675FB25C21EF752F0034E438 /* BottomCardView.swift */; };
		675FB26021EF768C0034E438 /* UIView+RoundCorners.swift in Sources */ = {isa = PBXBuildFile; fileRef = 675FB25F21EF768C0034E438 /* UIView+RoundCorners.swift */; };
		675FB26321EF781F0034E438 /* UIView+Xib.swift in Sources */ = {isa = PBXBuildFile; fileRef = 675FB26221EF781F0034E438 /* UIView+Xib.swift */; };
		675FB26821EF7ED30034E438 /* UIView+Shadow.swift in Sources */ = {isa = PBXBuildFile; fileRef = 675FB26721EF7ED30034E438 /* UIView+Shadow.swift */; };
/* End PBXBuildFile section */

/* Begin PBXFileReference section */
		6735AD3521EF858F00D0856A /* UIView+Camera.swift */ = {isa = PBXFileReference; lastKnownFileType = sourcecode.swift; path = "UIView+Camera.swift"; sourceTree = "<group>"; };
		6735AD3921EF86BA00D0856A /* StartView.swift */ = {isa = PBXFileReference; lastKnownFileType = sourcecode.swift; path = StartView.swift; sourceTree = "<group>"; };
		6735AD3D21EF880900D0856A /* ARCameraView.swift */ = {isa = PBXFileReference; lastKnownFileType = sourcecode.swift; path = ARCameraView.swift; sourceTree = "<group>"; };
		6735AD4221EFA18A00D0856A /* MessageLabel.swift */ = {isa = PBXFileReference; lastKnownFileType = sourcecode.swift; path = MessageLabel.swift; sourceTree = "<group>"; };
		6735AD4421EFA1ED00D0856A /* MessageLabel.xib */ = {isa = PBXFileReference; lastKnownFileType = file.xib; path = MessageLabel.xib; sourceTree = "<group>"; };
		675FB23D21EF71A80034E438 /* Picturesque.app */ = {isa = PBXFileReference; explicitFileType = wrapper.application; includeInIndex = 0; path = Picturesque.app; sourceTree = BUILT_PRODUCTS_DIR; };
		675FB24021EF71A80034E438 /* AppDelegate.swift */ = {isa = PBXFileReference; lastKnownFileType = sourcecode.swift; path = AppDelegate.swift; sourceTree = "<group>"; };
		675FB24521EF71A80034E438 /* Base */ = {isa = PBXFileReference; lastKnownFileType = file.storyboard; name = Base; path = Base.lproj/StartView.storyboard; sourceTree = "<group>"; };
		675FB24A21EF71AA0034E438 /* Assets.xcassets */ = {isa = PBXFileReference; lastKnownFileType = folder.assetcatalog; path = Assets.xcassets; sourceTree = "<group>"; };
		675FB24D21EF71AA0034E438 /* Base */ = {isa = PBXFileReference; lastKnownFileType = file.storyboard; name = Base; path = Base.lproj/LaunchScreen.storyboard; sourceTree = "<group>"; };
		675FB24F21EF71AA0034E438 /* Info.plist */ = {isa = PBXFileReference; lastKnownFileType = text.plist.xml; path = Info.plist; sourceTree = "<group>"; };
		675FB25821EF73AC0034E438 /* OpenSans-Regular.ttf */ = {isa = PBXFileReference; lastKnownFileType = file; path = "OpenSans-Regular.ttf"; sourceTree = "<group>"; };
		675FB25A21EF73B80034E438 /* OpenSans-Bold.ttf */ = {isa = PBXFileReference; lastKnownFileType = file; path = "OpenSans-Bold.ttf"; sourceTree = "<group>"; };
		675FB25C21EF752F0034E438 /* BottomCardView.swift */ = {isa = PBXFileReference; lastKnownFileType = sourcecode.swift; path = BottomCardView.swift; sourceTree = "<group>"; };
		675FB25F21EF768C0034E438 /* UIView+RoundCorners.swift */ = {isa = PBXFileReference; lastKnownFileType = sourcecode.swift; path = "UIView+RoundCorners.swift"; sourceTree = "<group>"; };
		675FB26221EF781F0034E438 /* UIView+Xib.swift */ = {isa = PBXFileReference; lastKnownFileType = sourcecode.swift; path = "UIView+Xib.swift"; sourceTree = "<group>"; };
		675FB26721EF7ED30034E438 /* UIView+Shadow.swift */ = {isa = PBXFileReference; lastKnownFileType = sourcecode.swift; path = "UIView+Shadow.swift"; sourceTree = "<group>"; };
/* End PBXFileReference section */

/* Begin PBXFrameworksBuildPhase section */
		675FB23A21EF71A80034E438 /* Frameworks */ = {
			isa = PBXFrameworksBuildPhase;
			buildActionMask = 2147483647;
			files = (
			);
			runOnlyForDeploymentPostprocessing = 0;
		};
/* End PBXFrameworksBuildPhase section */

/* Begin PBXGroup section */
		6735AD3721EF867700D0856A /* Screens */ = {
			isa = PBXGroup;
			children = (
				6735AD3821EF868800D0856A /* StartView */,
			);
			path = Screens;
			sourceTree = "<group>";
		};
		6735AD3821EF868800D0856A /* StartView */ = {
			isa = PBXGroup;
			children = (
				675FB24421EF71A80034E438 /* StartView.storyboard */,
				6735AD3921EF86BA00D0856A /* StartView.swift */,
				6735AD3B21EF878100D0856A /* Subviews */,
			);
			path = StartView;
			sourceTree = "<group>";
		};
		6735AD3B21EF878100D0856A /* Subviews */ = {
			isa = PBXGroup;
			children = (
				6735AD3C21EF87D500D0856A /* CameraView */,
			);
			path = Subviews;
			sourceTree = "<group>";
		};
		6735AD3C21EF87D500D0856A /* CameraView */ = {
			isa = PBXGroup;
			children = (
				6735AD3D21EF880900D0856A /* ARCameraView.swift */,
			);
			path = CameraView;
			sourceTree = "<group>";
		};
		6735AD4121EFA17B00D0856A /* MessageLabel */ = {
			isa = PBXGroup;
			children = (
				6735AD4221EFA18A00D0856A /* MessageLabel.swift */,
				6735AD4421EFA1ED00D0856A /* MessageLabel.xib */,
			);
			path = MessageLabel;
			sourceTree = "<group>";
		};
		675FB23421EF71A80034E438 = {
			isa = PBXGroup;
			children = (
				675FB23F21EF71A80034E438 /* Picturesque */,
				675FB23E21EF71A80034E438 /* Products */,
			);
			sourceTree = "<group>";
		};
		675FB23E21EF71A80034E438 /* Products */ = {
			isa = PBXGroup;
			children = (
				675FB23D21EF71A80034E438 /* Picturesque.app */,
			);
			name = Products;
			sourceTree = "<group>";
		};
		675FB23F21EF71A80034E438 /* Picturesque */ = {
			isa = PBXGroup;
			children = (
				675FB26121EF772A0034E438 /* App */,
				6735AD3721EF867700D0856A /* Screens */,
				675FB26521EF798E0034E438 /* UIComponents */,
				675FB25E21EF766F0034E438 /* Extensions */,
				675FB25521EF72B30034E438 /* Resources */,
				675FB24C21EF71AA0034E438 /* LaunchScreen.storyboard */,
			);
			path = Picturesque;
			sourceTree = "<group>";
		};
		675FB25521EF72B30034E438 /* Resources */ = {
			isa = PBXGroup;
			children = (
				675FB24A21EF71AA0034E438 /* Assets.xcassets */,
				675FB25821EF73AC0034E438 /* OpenSans-Regular.ttf */,
				675FB25A21EF73B80034E438 /* OpenSans-Bold.ttf */,
			);
			path = Resources;
			sourceTree = "<group>";
		};
		675FB25E21EF766F0034E438 /* Extensions */ = {
			isa = PBXGroup;
			children = (
				675FB25F21EF768C0034E438 /* UIView+RoundCorners.swift */,
				675FB26221EF781F0034E438 /* UIView+Xib.swift */,
				675FB26721EF7ED30034E438 /* UIView+Shadow.swift */,
				6735AD3521EF858F00D0856A /* UIView+Camera.swift */,
			);
			path = Extensions;
			sourceTree = "<group>";
		};
		675FB26121EF772A0034E438 /* App */ = {
			isa = PBXGroup;
			children = (
				675FB24F21EF71AA0034E438 /* Info.plist */,
				675FB24021EF71A80034E438 /* AppDelegate.swift */,
			);
			path = App;
			sourceTree = "<group>";
		};
		675FB26521EF798E0034E438 /* UIComponents */ = {
			isa = PBXGroup;
			children = (
				6735AD4121EFA17B00D0856A /* MessageLabel */,
				675FB26621EF79A90034E438 /* BottomCardView */,
			);
			path = UIComponents;
			sourceTree = "<group>";
		};
		675FB26621EF79A90034E438 /* BottomCardView */ = {
			isa = PBXGroup;
			children = (
				675FB25C21EF752F0034E438 /* BottomCardView.swift */,
			);
			path = BottomCardView;
			sourceTree = "<group>";
		};
/* End PBXGroup section */

/* Begin PBXNativeTarget section */
		675FB23C21EF71A80034E438 /* Picturesque */ = {
			isa = PBXNativeTarget;
			buildConfigurationList = 675FB25221EF71AA0034E438 /* Build configuration list for PBXNativeTarget "Picturesque" */;
			buildPhases = (
				675FB23921EF71A80034E438 /* Sources */,
				675FB23A21EF71A80034E438 /* Frameworks */,
				675FB23B21EF71A80034E438 /* Resources */,
			);
			buildRules = (
			);
			dependencies = (
			);
			name = Picturesque;
			productName = Picturesque;
			productReference = 675FB23D21EF71A80034E438 /* Picturesque.app */;
			productType = "com.apple.product-type.application";
		};
/* End PBXNativeTarget section */

/* Begin PBXProject section */
		675FB23521EF71A80034E438 /* Project object */ = {
			isa = PBXProject;
			attributes = {
				LastSwiftUpdateCheck = 1010;
				LastUpgradeCheck = 1010;
				ORGANIZATIONNAME = "Bruno Barbosa";
				TargetAttributes = {
					675FB23C21EF71A80034E438 = {
						CreatedOnToolsVersion = 10.1;
					};
				};
			};
			buildConfigurationList = 675FB23821EF71A80034E438 /* Build configuration list for PBXProject "Picturesque" */;
			compatibilityVersion = "Xcode 9.3";
			developmentRegion = en;
			hasScannedForEncodings = 0;
			knownRegions = (
				en,
				Base,
			);
			mainGroup = 675FB23421EF71A80034E438;
			productRefGroup = 675FB23E21EF71A80034E438 /* Products */;
			projectDirPath = "";
			projectRoot = "";
			targets = (
				675FB23C21EF71A80034E438 /* Picturesque */,
			);
		};
/* End PBXProject section */

/* Begin PBXResourcesBuildPhase section */
		675FB23B21EF71A80034E438 /* Resources */ = {
			isa = PBXResourcesBuildPhase;
			buildActionMask = 2147483647;
			files = (
				6735AD4521EFA1ED00D0856A /* MessageLabel.xib in Resources */,
				675FB25921EF73AC0034E438 /* OpenSans-Regular.ttf in Resources */,
				675FB24E21EF71AA0034E438 /* LaunchScreen.storyboard in Resources */,
				675FB25B21EF73B80034E438 /* OpenSans-Bold.ttf in Resources */,
				675FB24B21EF71AA0034E438 /* Assets.xcassets in Resources */,
				675FB24621EF71A80034E438 /* StartView.storyboard in Resources */,
			);
			runOnlyForDeploymentPostprocessing = 0;
		};
/* End PBXResourcesBuildPhase section */

/* Begin PBXSourcesBuildPhase section */
		675FB23921EF71A80034E438 /* Sources */ = {
			isa = PBXSourcesBuildPhase;
			buildActionMask = 2147483647;
			files = (
				6735AD3621EF858F00D0856A /* UIView+Camera.swift in Sources */,
				6735AD4321EFA18A00D0856A /* MessageLabel.swift in Sources */,
				675FB26321EF781F0034E438 /* UIView+Xib.swift in Sources */,
				675FB25D21EF752F0034E438 /* BottomCardView.swift in Sources */,
				675FB24121EF71A80034E438 /* AppDelegate.swift in Sources */,
				675FB26821EF7ED30034E438 /* UIView+Shadow.swift in Sources */,
				675FB26021EF768C0034E438 /* UIView+RoundCorners.swift in Sources */,
				6735AD3A21EF86BA00D0856A /* StartView.swift in Sources */,
				6735AD3E21EF880900D0856A /* ARCameraView.swift in Sources */,
			);
			runOnlyForDeploymentPostprocessing = 0;
		};
/* End PBXSourcesBuildPhase section */

/* Begin PBXVariantGroup section */
		675FB24421EF71A80034E438 /* StartView.storyboard */ = {
			isa = PBXVariantGroup;
			children = (
				675FB24521EF71A80034E438 /* Base */,
			);
			name = StartView.storyboard;
			sourceTree = "<group>";
		};
		675FB24C21EF71AA0034E438 /* LaunchScreen.storyboard */ = {
			isa = PBXVariantGroup;
			children = (
				675FB24D21EF71AA0034E438 /* Base */,
			);
			name = LaunchScreen.storyboard;
			sourceTree = "<group>";
		};
/* End PBXVariantGroup section */

/* Begin XCBuildConfiguration section */
		675FB25021EF71AA0034E438 /* Debug */ = {
			isa = XCBuildConfiguration;
			buildSettings = {
				ALWAYS_SEARCH_USER_PATHS = NO;
				CLANG_ANALYZER_NONNULL = YES;
				CLANG_ANALYZER_NUMBER_OBJECT_CONVERSION = YES_AGGRESSIVE;
				CLANG_CXX_LANGUAGE_STANDARD = "gnu++14";
				CLANG_CXX_LIBRARY = "libc++";
				CLANG_ENABLE_MODULES = YES;
				CLANG_ENABLE_OBJC_ARC = YES;
				CLANG_ENABLE_OBJC_WEAK = YES;
				CLANG_WARN_BLOCK_CAPTURE_AUTORELEASING = YES;
				CLANG_WARN_BOOL_CONVERSION = YES;
				CLANG_WARN_COMMA = YES;
				CLANG_WARN_CONSTANT_CONVERSION = YES;
				CLANG_WARN_DEPRECATED_OBJC_IMPLEMENTATIONS = YES;
				CLANG_WARN_DIRECT_OBJC_ISA_USAGE = YES_ERROR;
				CLANG_WARN_DOCUMENTATION_COMMENTS = YES;
				CLANG_WARN_EMPTY_BODY = YES;
				CLANG_WARN_ENUM_CONVERSION = YES;
				CLANG_WARN_INFINITE_RECURSION = YES;
				CLANG_WARN_INT_CONVERSION = YES;
				CLANG_WARN_NON_LITERAL_NULL_CONVERSION = YES;
				CLANG_WARN_OBJC_IMPLICIT_RETAIN_SELF = YES;
				CLANG_WARN_OBJC_LITERAL_CONVERSION = YES;
				CLANG_WARN_OBJC_ROOT_CLASS = YES_ERROR;
				CLANG_WARN_RANGE_LOOP_ANALYSIS = YES;
				CLANG_WARN_STRICT_PROTOTYPES = YES;
				CLANG_WARN_SUSPICIOUS_MOVE = YES;
				CLANG_WARN_UNGUARDED_AVAILABILITY = YES_AGGRESSIVE;
				CLANG_WARN_UNREACHABLE_CODE = YES;
				CLANG_WARN__DUPLICATE_METHOD_MATCH = YES;
				CODE_SIGN_IDENTITY = "iPhone Developer";
				COPY_PHASE_STRIP = NO;
				DEBUG_INFORMATION_FORMAT = dwarf;
				ENABLE_STRICT_OBJC_MSGSEND = YES;
				ENABLE_TESTABILITY = YES;
				GCC_C_LANGUAGE_STANDARD = gnu11;
				GCC_DYNAMIC_NO_PIC = NO;
				GCC_NO_COMMON_BLOCKS = YES;
				GCC_OPTIMIZATION_LEVEL = 0;
				GCC_PREPROCESSOR_DEFINITIONS = (
					"DEBUG=1",
					"$(inherited)",
				);
				GCC_WARN_64_TO_32_BIT_CONVERSION = YES;
				GCC_WARN_ABOUT_RETURN_TYPE = YES_ERROR;
				GCC_WARN_UNDECLARED_SELECTOR = YES;
				GCC_WARN_UNINITIALIZED_AUTOS = YES_AGGRESSIVE;
				GCC_WARN_UNUSED_FUNCTION = YES;
				GCC_WARN_UNUSED_VARIABLE = YES;
				IPHONEOS_DEPLOYMENT_TARGET = 12.1;
				MTL_ENABLE_DEBUG_INFO = INCLUDE_SOURCE;
				MTL_FAST_MATH = YES;
				ONLY_ACTIVE_ARCH = YES;
				SDKROOT = iphoneos;
				SWIFT_ACTIVE_COMPILATION_CONDITIONS = DEBUG;
				SWIFT_OPTIMIZATION_LEVEL = "-Onone";
			};
			name = Debug;
		};
		675FB25121EF71AA0034E438 /* Release */ = {
			isa = XCBuildConfiguration;
			buildSettings = {
				ALWAYS_SEARCH_USER_PATHS = NO;
				CLANG_ANALYZER_NONNULL = YES;
				CLANG_ANALYZER_NUMBER_OBJECT_CONVERSION = YES_AGGRESSIVE;
				CLANG_CXX_LANGUAGE_STANDARD = "gnu++14";
				CLANG_CXX_LIBRARY = "libc++";
				CLANG_ENABLE_MODULES = YES;
				CLANG_ENABLE_OBJC_ARC = YES;
				CLANG_ENABLE_OBJC_WEAK = YES;
				CLANG_WARN_BLOCK_CAPTURE_AUTORELEASING = YES;
				CLANG_WARN_BOOL_CONVERSION = YES;
				CLANG_WARN_COMMA = YES;
				CLANG_WARN_CONSTANT_CONVERSION = YES;
				CLANG_WARN_DEPRECATED_OBJC_IMPLEMENTATIONS = YES;
				CLANG_WARN_DIRECT_OBJC_ISA_USAGE = YES_ERROR;
				CLANG_WARN_DOCUMENTATION_COMMENTS = YES;
				CLANG_WARN_EMPTY_BODY = YES;
				CLANG_WARN_ENUM_CONVERSION = YES;
				CLANG_WARN_INFINITE_RECURSION = YES;
				CLANG_WARN_INT_CONVERSION = YES;
				CLANG_WARN_NON_LITERAL_NULL_CONVERSION = YES;
				CLANG_WARN_OBJC_IMPLICIT_RETAIN_SELF = YES;
				CLANG_WARN_OBJC_LITERAL_CONVERSION = YES;
				CLANG_WARN_OBJC_ROOT_CLASS = YES_ERROR;
				CLANG_WARN_RANGE_LOOP_ANALYSIS = YES;
				CLANG_WARN_STRICT_PROTOTYPES = YES;
				CLANG_WARN_SUSPICIOUS_MOVE = YES;
				CLANG_WARN_UNGUARDED_AVAILABILITY = YES_AGGRESSIVE;
				CLANG_WARN_UNREACHABLE_CODE = YES;
				CLANG_WARN__DUPLICATE_METHOD_MATCH = YES;
				CODE_SIGN_IDENTITY = "iPhone Developer";
				COPY_PHASE_STRIP = NO;
				DEBUG_INFORMATION_FORMAT = "dwarf-with-dsym";
				ENABLE_NS_ASSERTIONS = NO;
				ENABLE_STRICT_OBJC_MSGSEND = YES;
				GCC_C_LANGUAGE_STANDARD = gnu11;
				GCC_NO_COMMON_BLOCKS = YES;
				GCC_WARN_64_TO_32_BIT_CONVERSION = YES;
				GCC_WARN_ABOUT_RETURN_TYPE = YES_ERROR;
				GCC_WARN_UNDECLARED_SELECTOR = YES;
				GCC_WARN_UNINITIALIZED_AUTOS = YES_AGGRESSIVE;
				GCC_WARN_UNUSED_FUNCTION = YES;
				GCC_WARN_UNUSED_VARIABLE = YES;
				IPHONEOS_DEPLOYMENT_TARGET = 12.1;
				MTL_ENABLE_DEBUG_INFO = NO;
				MTL_FAST_MATH = YES;
				SDKROOT = iphoneos;
				SWIFT_COMPILATION_MODE = wholemodule;
				SWIFT_OPTIMIZATION_LEVEL = "-O";
				VALIDATE_PRODUCT = YES;
			};
			name = Release;
		};
		675FB25321EF71AA0034E438 /* Debug */ = {
			isa = XCBuildConfiguration;
			buildSettings = {
				ASSETCATALOG_COMPILER_APPICON_NAME = AppIcon;
				CODE_SIGN_STYLE = Automatic;
				DEVELOPMENT_TEAM = PMU36CU64R;
				INFOPLIST_FILE = "$(SRCROOT)/Picturesque/App/Info.plist";
				LD_RUNPATH_SEARCH_PATHS = (
					"$(inherited)",
					"@executable_path/Frameworks",
				);
				PRODUCT_BUNDLE_IDENTIFIER = com.tbbruno.Picturesque;
				PRODUCT_NAME = "$(TARGET_NAME)";
				SWIFT_VERSION = 4.2;
				TARGETED_DEVICE_FAMILY = "1,2";
			};
			name = Debug;
		};
		675FB25421EF71AA0034E438 /* Release */ = {
			isa = XCBuildConfiguration;
			buildSettings = {
				ASSETCATALOG_COMPILER_APPICON_NAME = AppIcon;
				CODE_SIGN_STYLE = Automatic;
				DEVELOPMENT_TEAM = PMU36CU64R;
				INFOPLIST_FILE = "$(SRCROOT)/Picturesque/App/Info.plist";
				LD_RUNPATH_SEARCH_PATHS = (
					"$(inherited)",
					"@executable_path/Frameworks",
				);
				PRODUCT_BUNDLE_IDENTIFIER = com.tbbruno.Picturesque;
				PRODUCT_NAME = "$(TARGET_NAME)";
				SWIFT_VERSION = 4.2;
				TARGETED_DEVICE_FAMILY = "1,2";
			};
			name = Release;
		};
/* End XCBuildConfiguration section */

/* Begin XCConfigurationList section */
		675FB23821EF71A80034E438 /* Build configuration list for PBXProject "Picturesque" */ = {
			isa = XCConfigurationList;
			buildConfigurations = (
				675FB25021EF71AA0034E438 /* Debug */,
				675FB25121EF71AA0034E438 /* Release */,
			);
			defaultConfigurationIsVisible = 0;
			defaultConfigurationName = Release;
		};
		675FB25221EF71AA0034E438 /* Build configuration list for PBXNativeTarget "Picturesque" */ = {
			isa = XCConfigurationList;
			buildConfigurations = (
				675FB25321EF71AA0034E438 /* Debug */,
				675FB25421EF71AA0034E438 /* Release */,
			);
			defaultConfigurationIsVisible = 0;
			defaultConfigurationName = Release;
		};
/* End XCConfigurationList section */
	};
	rootObject = 675FB23521EF71A80034E438 /* Project object */;
}
